// !$*UTF8*$!
{
	archiveVersion = 1;
	classes = {
	};
	objectVersion = 56;
	objects = {

/* Begin PBXBuildFile section */
		8B3AFCFF2B83A18A00F5F8DD /* MainTabBarController.swift in Sources */ = {isa = PBXBuildFile; fileRef = 8B3AFCFE2B83A18A00F5F8DD /* MainTabBarController.swift */; };
		8B3AFD012B83A22C00F5F8DD /* FeedViewController.swift in Sources */ = {isa = PBXBuildFile; fileRef = 8B3AFD002B83A22C00F5F8DD /* FeedViewController.swift */; };
		8B3AFD032B83A24900F5F8DD /* NotificationsViewController.swift in Sources */ = {isa = PBXBuildFile; fileRef = 8B3AFD022B83A24900F5F8DD /* NotificationsViewController.swift */; };
		8B3AFD052B83A25200F5F8DD /* ProfileViewController.swift in Sources */ = {isa = PBXBuildFile; fileRef = 8B3AFD042B83A25200F5F8DD /* ProfileViewController.swift */; };
		8B3AFD072B83A3AB00F5F8DD /* Colors.xcassets in Resources */ = {isa = PBXBuildFile; fileRef = 8B3AFD062B83A3AB00F5F8DD /* Colors.xcassets */; };
		8B3AFD0A2B83A92A00F5F8DD /* StoryTableCell.swift in Sources */ = {isa = PBXBuildFile; fileRef = 8B3AFD092B83A92A00F5F8DD /* StoryTableCell.swift */; };
		8B3AFD0C2B83A93B00F5F8DD /* PostTableCell.swift in Sources */ = {isa = PBXBuildFile; fileRef = 8B3AFD0B2B83A93B00F5F8DD /* PostTableCell.swift */; };
		8B3AFD102B84EDC200F5F8DD /* RecommendTableViewCell.swift in Sources */ = {isa = PBXBuildFile; fileRef = 8B3AFD0F2B84EDC200F5F8DD /* RecommendTableViewCell.swift */; };
		8B4DB6232B85843400886174 /* FeedCellTypes.swift in Sources */ = {isa = PBXBuildFile; fileRef = 8B4DB6222B85843400886174 /* FeedCellTypes.swift */; };
		8B4DB6252B8586F700886174 /* NotificationSectionsTypes.swift in Sources */ = {isa = PBXBuildFile; fileRef = 8B4DB6242B8586F700886174 /* NotificationSectionsTypes.swift */; };
		8B4DB6282B8587D400886174 /* LikedCommentTableCell.swift in Sources */ = {isa = PBXBuildFile; fileRef = 8B4DB6272B8587D400886174 /* LikedCommentTableCell.swift */; };
		8B4DB62A2B8587F800886174 /* SubscriptionTableCell.swift in Sources */ = {isa = PBXBuildFile; fileRef = 8B4DB6292B8587F800886174 /* SubscriptionTableCell.swift */; };
		8B4DB62C2B85A26700886174 /* NotificationStorage.swift in Sources */ = {isa = PBXBuildFile; fileRef = 8B4DB62B2B85A26700886174 /* NotificationStorage.swift */; };
		8B5332C82B876FA00062BB66 /* Stories.swift in Sources */ = {isa = PBXBuildFile; fileRef = 8B5332C72B876FA00062BB66 /* Stories.swift */; };
		8B5332CB2B879F840062BB66 /* SpaceImagesCollectionCell.swift in Sources */ = {isa = PBXBuildFile; fileRef = 8B5332CA2B879F840062BB66 /* SpaceImagesCollectionCell.swift */; };
		8B5332CD2B883CD30062BB66 /* StoryPresentationViewController.swift in Sources */ = {isa = PBXBuildFile; fileRef = 8B5332CC2B883CD30062BB66 /* StoryPresentationViewController.swift */; };
		8B9D44742B863B380027581A /* RecommendNotification.swift in Sources */ = {isa = PBXBuildFile; fileRef = 8B9D44732B863B380027581A /* RecommendNotification.swift */; };
		8B9D44762B863B620027581A /* LikeNotification.swift in Sources */ = {isa = PBXBuildFile; fileRef = 8B9D44752B863B620027581A /* LikeNotification.swift */; };
		8BD2283E2B8724B500A9905F /* UserInfoTableCell.swift in Sources */ = {isa = PBXBuildFile; fileRef = 8BD2283D2B8724B500A9905F /* UserInfoTableCell.swift */; };
		8BD228402B87251100A9905F /* UserInfo.swift in Sources */ = {isa = PBXBuildFile; fileRef = 8BD2283F2B87251100A9905F /* UserInfo.swift */; };
		8BD228422B87285800A9905F /* StoriesTableCell.swift in Sources */ = {isa = PBXBuildFile; fileRef = 8BD228412B87285800A9905F /* StoriesTableCell.swift */; };
		8BD228442B87286C00A9905F /* SpaceImagesTableCell.swift in Sources */ = {isa = PBXBuildFile; fileRef = 8BD228432B87286C00A9905F /* SpaceImagesTableCell.swift */; };
		8BD228462B872A3600A9905F /* ProfileCellTypes.swift in Sources */ = {isa = PBXBuildFile; fileRef = 8BD228452B872A3600A9905F /* ProfileCellTypes.swift */; };
		8BD2284A2B872BAD00A9905F /* ProfileStorage.swift in Sources */ = {isa = PBXBuildFile; fileRef = 8BD228492B872BAD00A9905F /* ProfileStorage.swift */; };
		8BD2284C2B875F2200A9905F /* WkWebViewController.swift in Sources */ = {isa = PBXBuildFile; fileRef = 8BD2284B2B875F2200A9905F /* WkWebViewController.swift */; };
		8BEE895C2B73C1A500E037E4 /* AppDelegate.swift in Sources */ = {isa = PBXBuildFile; fileRef = 8BEE895B2B73C1A500E037E4 /* AppDelegate.swift */; };
		8BEE895E2B73C1A500E037E4 /* SceneDelegate.swift in Sources */ = {isa = PBXBuildFile; fileRef = 8BEE895D2B73C1A500E037E4 /* SceneDelegate.swift */; };
		8BEE89652B73C1A600E037E4 /* Assets.xcassets in Resources */ = {isa = PBXBuildFile; fileRef = 8BEE89642B73C1A600E037E4 /* Assets.xcassets */; };
		8BEE89682B73C1A600E037E4 /* LaunchScreen.storyboard in Resources */ = {isa = PBXBuildFile; fileRef = 8BEE89662B73C1A600E037E4 /* LaunchScreen.storyboard */; };
/* End PBXBuildFile section */

/* Begin PBXFileReference section */
		8B3AFCFE2B83A18A00F5F8DD /* MainTabBarController.swift */ = {isa = PBXFileReference; lastKnownFileType = sourcecode.swift; path = MainTabBarController.swift; sourceTree = "<group>"; };
		8B3AFD002B83A22C00F5F8DD /* FeedViewController.swift */ = {isa = PBXFileReference; lastKnownFileType = sourcecode.swift; path = FeedViewController.swift; sourceTree = "<group>"; };
		8B3AFD022B83A24900F5F8DD /* NotificationsViewController.swift */ = {isa = PBXFileReference; lastKnownFileType = sourcecode.swift; path = NotificationsViewController.swift; sourceTree = "<group>"; };
		8B3AFD042B83A25200F5F8DD /* ProfileViewController.swift */ = {isa = PBXFileReference; lastKnownFileType = sourcecode.swift; path = ProfileViewController.swift; sourceTree = "<group>"; };
		8B3AFD062B83A3AB00F5F8DD /* Colors.xcassets */ = {isa = PBXFileReference; lastKnownFileType = folder.assetcatalog; name = Colors.xcassets; path = Controller/Colors.xcassets; sourceTree = "<group>"; };
		8B3AFD092B83A92A00F5F8DD /* StoryTableCell.swift */ = {isa = PBXFileReference; lastKnownFileType = sourcecode.swift; path = StoryTableCell.swift; sourceTree = "<group>"; };
		8B3AFD0B2B83A93B00F5F8DD /* PostTableCell.swift */ = {isa = PBXFileReference; lastKnownFileType = sourcecode.swift; path = PostTableCell.swift; sourceTree = "<group>"; };
		8B3AFD0F2B84EDC200F5F8DD /* RecommendTableViewCell.swift */ = {isa = PBXFileReference; lastKnownFileType = sourcecode.swift; path = RecommendTableViewCell.swift; sourceTree = "<group>"; };
		8B4DB6222B85843400886174 /* FeedCellTypes.swift */ = {isa = PBXFileReference; lastKnownFileType = sourcecode.swift; path = FeedCellTypes.swift; sourceTree = "<group>"; };
		8B4DB6242B8586F700886174 /* NotificationSectionsTypes.swift */ = {isa = PBXFileReference; lastKnownFileType = sourcecode.swift; path = NotificationSectionsTypes.swift; sourceTree = "<group>"; };
		8B4DB6272B8587D400886174 /* LikedCommentTableCell.swift */ = {isa = PBXFileReference; lastKnownFileType = sourcecode.swift; path = LikedCommentTableCell.swift; sourceTree = "<group>"; };
		8B4DB6292B8587F800886174 /* SubscriptionTableCell.swift */ = {isa = PBXFileReference; lastKnownFileType = sourcecode.swift; path = SubscriptionTableCell.swift; sourceTree = "<group>"; };
		8B4DB62B2B85A26700886174 /* NotificationStorage.swift */ = {isa = PBXFileReference; lastKnownFileType = sourcecode.swift; path = NotificationStorage.swift; sourceTree = "<group>"; };
		8B5332C72B876FA00062BB66 /* Stories.swift */ = {isa = PBXFileReference; lastKnownFileType = sourcecode.swift; path = Stories.swift; sourceTree = "<group>"; };
		8B5332CA2B879F840062BB66 /* SpaceImagesCollectionCell.swift */ = {isa = PBXFileReference; lastKnownFileType = sourcecode.swift; path = SpaceImagesCollectionCell.swift; sourceTree = "<group>"; };
		8B5332CC2B883CD30062BB66 /* StoryPresentationViewController.swift */ = {isa = PBXFileReference; lastKnownFileType = sourcecode.swift; path = StoryPresentationViewController.swift; sourceTree = "<group>"; };
		8B9D44732B863B380027581A /* RecommendNotification.swift */ = {isa = PBXFileReference; lastKnownFileType = sourcecode.swift; path = RecommendNotification.swift; sourceTree = "<group>"; };
		8B9D44752B863B620027581A /* LikeNotification.swift */ = {isa = PBXFileReference; lastKnownFileType = sourcecode.swift; path = LikeNotification.swift; sourceTree = "<group>"; };
		8BD2283D2B8724B500A9905F /* UserInfoTableCell.swift */ = {isa = PBXFileReference; lastKnownFileType = sourcecode.swift; path = UserInfoTableCell.swift; sourceTree = "<group>"; };
		8BD2283F2B87251100A9905F /* UserInfo.swift */ = {isa = PBXFileReference; lastKnownFileType = sourcecode.swift; path = UserInfo.swift; sourceTree = "<group>"; };
		8BD228412B87285800A9905F /* StoriesTableCell.swift */ = {isa = PBXFileReference; lastKnownFileType = sourcecode.swift; path = StoriesTableCell.swift; sourceTree = "<group>"; };
		8BD228432B87286C00A9905F /* SpaceImagesTableCell.swift */ = {isa = PBXFileReference; lastKnownFileType = sourcecode.swift; path = SpaceImagesTableCell.swift; sourceTree = "<group>"; };
		8BD228452B872A3600A9905F /* ProfileCellTypes.swift */ = {isa = PBXFileReference; lastKnownFileType = sourcecode.swift; path = ProfileCellTypes.swift; sourceTree = "<group>"; };
		8BD228492B872BAD00A9905F /* ProfileStorage.swift */ = {isa = PBXFileReference; lastKnownFileType = sourcecode.swift; path = ProfileStorage.swift; sourceTree = "<group>"; };
		8BD2284B2B875F2200A9905F /* WkWebViewController.swift */ = {isa = PBXFileReference; lastKnownFileType = sourcecode.swift; path = WkWebViewController.swift; sourceTree = "<group>"; };
		8BEE89582B73C1A500E037E4 /* UIKitDZ.app */ = {isa = PBXFileReference; explicitFileType = wrapper.application; includeInIndex = 0; path = UIKitDZ.app; sourceTree = BUILT_PRODUCTS_DIR; };
		8BEE895B2B73C1A500E037E4 /* AppDelegate.swift */ = {isa = PBXFileReference; lastKnownFileType = sourcecode.swift; path = AppDelegate.swift; sourceTree = "<group>"; };
		8BEE895D2B73C1A500E037E4 /* SceneDelegate.swift */ = {isa = PBXFileReference; lastKnownFileType = sourcecode.swift; path = SceneDelegate.swift; sourceTree = "<group>"; };
		8BEE89642B73C1A600E037E4 /* Assets.xcassets */ = {isa = PBXFileReference; lastKnownFileType = folder.assetcatalog; path = Assets.xcassets; sourceTree = "<group>"; };
		8BEE89672B73C1A600E037E4 /* Base */ = {isa = PBXFileReference; lastKnownFileType = file.storyboard; name = Base; path = Base.lproj/LaunchScreen.storyboard; sourceTree = "<group>"; };
		8BEE89692B73C1A600E037E4 /* Info.plist */ = {isa = PBXFileReference; lastKnownFileType = text.plist.xml; path = Info.plist; sourceTree = "<group>"; };
/* End PBXFileReference section */

/* Begin PBXFrameworksBuildPhase section */
		8BEE89552B73C1A500E037E4 /* Frameworks */ = {
			isa = PBXFrameworksBuildPhase;
			buildActionMask = 2147483647;
			files = (
			);
			runOnlyForDeploymentPostprocessing = 0;
		};
/* End PBXFrameworksBuildPhase section */

/* Begin PBXGroup section */
		8B3AFCFD2B83A11A00F5F8DD /* Controller */ = {
			isa = PBXGroup;
			children = (
				8B3AFCFE2B83A18A00F5F8DD /* MainTabBarController.swift */,
				8B3AFD002B83A22C00F5F8DD /* FeedViewController.swift */,
				8B3AFD022B83A24900F5F8DD /* NotificationsViewController.swift */,
				8B3AFD042B83A25200F5F8DD /* ProfileViewController.swift */,
				8BD2284B2B875F2200A9905F /* WkWebViewController.swift */,
				8B5332CC2B883CD30062BB66 /* StoryPresentationViewController.swift */,
				8BD2283C2B87248300A9905F /* ProfileCells */,
				8B4DB6262B85879800886174 /* NotificationCells */,
				8B3AFD082B83A8E300F5F8DD /* FeedCells */,
			);
			path = Controller;
			sourceTree = "<group>";
		};
		8B3AFD082B83A8E300F5F8DD /* FeedCells */ = {
			isa = PBXGroup;
			children = (
				8B3AFD092B83A92A00F5F8DD /* StoryTableCell.swift */,
				8B3AFD0B2B83A93B00F5F8DD /* PostTableCell.swift */,
				8B3AFD0F2B84EDC200F5F8DD /* RecommendTableViewCell.swift */,
			);
			path = FeedCells;
			sourceTree = "<group>";
		};
		8B4DB6212B85841B00886174 /* Model */ = {
			isa = PBXGroup;
			children = (
				8B5332C92B878BB70062BB66 /* CellSections */,
				8B9D44732B863B380027581A /* RecommendNotification.swift */,
				8B9D44752B863B620027581A /* LikeNotification.swift */,
				8BD2283F2B87251100A9905F /* UserInfo.swift */,
				8B5332C72B876FA00062BB66 /* Stories.swift */,
				8B4DB62B2B85A26700886174 /* NotificationStorage.swift */,
				8BD228492B872BAD00A9905F /* ProfileStorage.swift */,
			);
			path = Model;
			sourceTree = "<group>";
		};
		8B4DB6262B85879800886174 /* NotificationCells */ = {
			isa = PBXGroup;
			children = (
				8B4DB6272B8587D400886174 /* LikedCommentTableCell.swift */,
				8B4DB6292B8587F800886174 /* SubscriptionTableCell.swift */,
			);
			path = NotificationCells;
			sourceTree = "<group>";
		};
		8B5332C92B878BB70062BB66 /* CellSections */ = {
			isa = PBXGroup;
			children = (
				8B4DB6222B85843400886174 /* FeedCellTypes.swift */,
				8BD228452B872A3600A9905F /* ProfileCellTypes.swift */,
				8B4DB6242B8586F700886174 /* NotificationSectionsTypes.swift */,
			);
			path = CellSections;
			sourceTree = "<group>";
		};
		8BD2283C2B87248300A9905F /* ProfileCells */ = {
			isa = PBXGroup;
			children = (
				8BD2283D2B8724B500A9905F /* UserInfoTableCell.swift */,
				8BD228412B87285800A9905F /* StoriesTableCell.swift */,
				8BD228432B87286C00A9905F /* SpaceImagesTableCell.swift */,
				8B5332CA2B879F840062BB66 /* SpaceImagesCollectionCell.swift */,
			);
			path = ProfileCells;
			sourceTree = "<group>";
		};
		8BEE894F2B73C1A500E037E4 = {
			isa = PBXGroup;
			children = (
				8BEE895A2B73C1A500E037E4 /* UIKitDZ */,
				8BEE89592B73C1A500E037E4 /* Products */,
			);
			sourceTree = "<group>";
		};
		8BEE89592B73C1A500E037E4 /* Products */ = {
			isa = PBXGroup;
			children = (
				8BEE89582B73C1A500E037E4 /* UIKitDZ.app */,
			);
			name = Products;
			sourceTree = "<group>";
		};
		8BEE895A2B73C1A500E037E4 /* UIKitDZ */ = {
			isa = PBXGroup;
			children = (
				8BEE895B2B73C1A500E037E4 /* AppDelegate.swift */,
				8BEE895D2B73C1A500E037E4 /* SceneDelegate.swift */,
				8B4DB6212B85841B00886174 /* Model */,
				8B3AFCFD2B83A11A00F5F8DD /* Controller */,
				8BEE89642B73C1A600E037E4 /* Assets.xcassets */,
				8B3AFD062B83A3AB00F5F8DD /* Colors.xcassets */,
				8BEE89662B73C1A600E037E4 /* LaunchScreen.storyboard */,
				8BEE89692B73C1A600E037E4 /* Info.plist */,
			);
			path = UIKitDZ;
			sourceTree = "<group>";
		};
/* End PBXGroup section */

/* Begin PBXNativeTarget section */
		8BEE89572B73C1A500E037E4 /* UIKitDZ */ = {
			isa = PBXNativeTarget;
			buildConfigurationList = 8BEE896C2B73C1A600E037E4 /* Build configuration list for PBXNativeTarget "UIKitDZ" */;
			buildPhases = (
				8BEE89702B73C1B600E037E4 /* SwiftFormat */,
				8BEE896F2B73C1AE00E037E4 /* SwiftLint */,
				8BEE89542B73C1A500E037E4 /* Sources */,
				8BEE89552B73C1A500E037E4 /* Frameworks */,
				8BEE89562B73C1A500E037E4 /* Resources */,
			);
			buildRules = (
			);
			dependencies = (
			);
			name = UIKitDZ;
			productName = UIKitDZ;
			productReference = 8BEE89582B73C1A500E037E4 /* UIKitDZ.app */;
			productType = "com.apple.product-type.application";
		};
/* End PBXNativeTarget section */

/* Begin PBXProject section */
		8BEE89502B73C1A500E037E4 /* Project object */ = {
			isa = PBXProject;
			attributes = {
				BuildIndependentTargetsInParallel = 1;
				LastSwiftUpdateCheck = 1520;
				LastUpgradeCheck = 1520;
				TargetAttributes = {
					8BEE89572B73C1A500E037E4 = {
						CreatedOnToolsVersion = 15.2;
					};
				};
			};
			buildConfigurationList = 8BEE89532B73C1A500E037E4 /* Build configuration list for PBXProject "UIKitDZ" */;
			compatibilityVersion = "Xcode 14.0";
			developmentRegion = en;
			hasScannedForEncodings = 0;
			knownRegions = (
				en,
				Base,
			);
			mainGroup = 8BEE894F2B73C1A500E037E4;
			productRefGroup = 8BEE89592B73C1A500E037E4 /* Products */;
			projectDirPath = "";
			projectRoot = "";
			targets = (
				8BEE89572B73C1A500E037E4 /* UIKitDZ */,
			);
		};
/* End PBXProject section */

/* Begin PBXResourcesBuildPhase section */
		8BEE89562B73C1A500E037E4 /* Resources */ = {
			isa = PBXResourcesBuildPhase;
			buildActionMask = 2147483647;
			files = (
				8B3AFD072B83A3AB00F5F8DD /* Colors.xcassets in Resources */,
				8BEE89682B73C1A600E037E4 /* LaunchScreen.storyboard in Resources */,
				8BEE89652B73C1A600E037E4 /* Assets.xcassets in Resources */,
			);
			runOnlyForDeploymentPostprocessing = 0;
		};
/* End PBXResourcesBuildPhase section */

/* Begin PBXShellScriptBuildPhase section */
		8BEE896F2B73C1AE00E037E4 /* SwiftLint */ = {
			isa = PBXShellScriptBuildPhase;
			alwaysOutOfDate = 1;
			buildActionMask = 2147483647;
			files = (
			);
			inputFileListPaths = (
			);
			inputPaths = (
			);
			name = SwiftLint;
			outputFileListPaths = (
			);
			outputPaths = (
			);
			runOnlyForDeploymentPostprocessing = 0;
			shellPath = /bin/sh;
			shellScript = "if test -d \"/opt/homebrew/bin/\"; then\n  PATH=\"/opt/homebrew/bin/:${PATH}\"\nfi\n\nexport PATH\n\nif which swiftlint >/dev/null; then\n  swiftlint\nelse\n  echo \"warning: SwiftLint not installed, download from https://github.com/realm/SwiftLint[](https://github.com/realm/SwiftLint)\"\nfi\n";
			showEnvVarsInLog = 0;
		};
		8BEE89702B73C1B600E037E4 /* SwiftFormat */ = {
			isa = PBXShellScriptBuildPhase;
			alwaysOutOfDate = 1;
			buildActionMask = 2147483647;
			files = (
			);
			inputFileListPaths = (
			);
			inputPaths = (
			);
			name = SwiftFormat;
			outputFileListPaths = (
			);
			outputPaths = (
			);
			runOnlyForDeploymentPostprocessing = 0;
			shellPath = /bin/sh;
			shellScript = "if test -d \"/opt/homebrew/bin/\"; then\n  PATH=\"/opt/homebrew/bin/:${PATH}\"\nfi\n\nexport PATH\n\nif which swiftformat >/dev/null; then\n  swiftformat .\nelse\n  echo \"warning: SwiftFormat not installed, download from https://github.com/nicklockwood/SwiftFormat\"\nfi\n";
			showEnvVarsInLog = 0;
		};
/* End PBXShellScriptBuildPhase section */

/* Begin PBXSourcesBuildPhase section */
		8BEE89542B73C1A500E037E4 /* Sources */ = {
			isa = PBXSourcesBuildPhase;
			buildActionMask = 2147483647;
			files = (
				8B4DB6232B85843400886174 /* FeedCellTypes.swift in Sources */,
				8BD2284C2B875F2200A9905F /* WkWebViewController.swift in Sources */,
				8BD2284A2B872BAD00A9905F /* ProfileStorage.swift in Sources */,
				8B4DB6282B8587D400886174 /* LikedCommentTableCell.swift in Sources */,
				8BD228422B87285800A9905F /* StoriesTableCell.swift in Sources */,
				8BEE895C2B73C1A500E037E4 /* AppDelegate.swift in Sources */,
				8B3AFD012B83A22C00F5F8DD /* FeedViewController.swift in Sources */,
				8B9D44742B863B380027581A /* RecommendNotification.swift in Sources */,
				8B9D44762B863B620027581A /* LikeNotification.swift in Sources */,
				8B3AFD0A2B83A92A00F5F8DD /* StoryTableCell.swift in Sources */,
				8BD228402B87251100A9905F /* UserInfo.swift in Sources */,
				8B4DB62A2B8587F800886174 /* SubscriptionTableCell.swift in Sources */,
				8B3AFD102B84EDC200F5F8DD /* RecommendTableViewCell.swift in Sources */,
				8B5332C82B876FA00062BB66 /* Stories.swift in Sources */,
				8B5332CB2B879F840062BB66 /* SpaceImagesCollectionCell.swift in Sources */,
				8BD228462B872A3600A9905F /* ProfileCellTypes.swift in Sources */,
				8B3AFD032B83A24900F5F8DD /* NotificationsViewController.swift in Sources */,
				8B4DB6252B8586F700886174 /* NotificationSectionsTypes.swift in Sources */,
				8B3AFD0C2B83A93B00F5F8DD /* PostTableCell.swift in Sources */,
				8BD228442B87286C00A9905F /* SpaceImagesTableCell.swift in Sources */,
				8B4DB62C2B85A26700886174 /* NotificationStorage.swift in Sources */,
				8BD2283E2B8724B500A9905F /* UserInfoTableCell.swift in Sources */,
				8B5332CD2B883CD30062BB66 /* StoryPresentationViewController.swift in Sources */,
				8B3AFD052B83A25200F5F8DD /* ProfileViewController.swift in Sources */,
				8B3AFCFF2B83A18A00F5F8DD /* MainTabBarController.swift in Sources */,
				8BEE895E2B73C1A500E037E4 /* SceneDelegate.swift in Sources */,
			);
			runOnlyForDeploymentPostprocessing = 0;
		};
/* End PBXSourcesBuildPhase section */

/* Begin PBXVariantGroup section */
		8BEE89662B73C1A600E037E4 /* LaunchScreen.storyboard */ = {
			isa = PBXVariantGroup;
			children = (
				8BEE89672B73C1A600E037E4 /* Base */,
			);
			name = LaunchScreen.storyboard;
			sourceTree = "<group>";
		};
/* End PBXVariantGroup section */

/* Begin XCBuildConfiguration section */
		8BEE896A2B73C1A600E037E4 /* Debug */ = {
			isa = XCBuildConfiguration;
			buildSettings = {
				ALWAYS_SEARCH_USER_PATHS = NO;
				ASSETCATALOG_COMPILER_GENERATE_SWIFT_ASSET_SYMBOL_EXTENSIONS = YES;
				CLANG_ANALYZER_NONNULL = YES;
				CLANG_ANALYZER_NUMBER_OBJECT_CONVERSION = YES_AGGRESSIVE;
				CLANG_CXX_LANGUAGE_STANDARD = "gnu++20";
				CLANG_ENABLE_MODULES = YES;
				CLANG_ENABLE_OBJC_ARC = YES;
				CLANG_ENABLE_OBJC_WEAK = YES;
				CLANG_WARN_BLOCK_CAPTURE_AUTORELEASING = YES;
				CLANG_WARN_BOOL_CONVERSION = YES;
				CLANG_WARN_COMMA = YES;
				CLANG_WARN_CONSTANT_CONVERSION = YES;
				CLANG_WARN_DEPRECATED_OBJC_IMPLEMENTATIONS = YES;
				CLANG_WARN_DIRECT_OBJC_ISA_USAGE = YES_ERROR;
				CLANG_WARN_DOCUMENTATION_COMMENTS = YES;
				CLANG_WARN_EMPTY_BODY = YES;
				CLANG_WARN_ENUM_CONVERSION = YES;
				CLANG_WARN_INFINITE_RECURSION = YES;
				CLANG_WARN_INT_CONVERSION = YES;
				CLANG_WARN_NON_LITERAL_NULL_CONVERSION = YES;
				CLANG_WARN_OBJC_IMPLICIT_RETAIN_SELF = YES;
				CLANG_WARN_OBJC_LITERAL_CONVERSION = YES;
				CLANG_WARN_OBJC_ROOT_CLASS = YES_ERROR;
				CLANG_WARN_QUOTED_INCLUDE_IN_FRAMEWORK_HEADER = YES;
				CLANG_WARN_RANGE_LOOP_ANALYSIS = YES;
				CLANG_WARN_STRICT_PROTOTYPES = YES;
				CLANG_WARN_SUSPICIOUS_MOVE = YES;
				CLANG_WARN_UNGUARDED_AVAILABILITY = YES_AGGRESSIVE;
				CLANG_WARN_UNREACHABLE_CODE = YES;
				CLANG_WARN__DUPLICATE_METHOD_MATCH = YES;
				COPY_PHASE_STRIP = NO;
				DEBUG_INFORMATION_FORMAT = dwarf;
				ENABLE_STRICT_OBJC_MSGSEND = YES;
				ENABLE_TESTABILITY = YES;
				ENABLE_USER_SCRIPT_SANDBOXING = YES;
				GCC_C_LANGUAGE_STANDARD = gnu17;
				GCC_DYNAMIC_NO_PIC = NO;
				GCC_NO_COMMON_BLOCKS = YES;
				GCC_OPTIMIZATION_LEVEL = 0;
				GCC_PREPROCESSOR_DEFINITIONS = (
					"DEBUG=1",
					"$(inherited)",
				);
				GCC_WARN_64_TO_32_BIT_CONVERSION = YES;
				GCC_WARN_ABOUT_RETURN_TYPE = YES_ERROR;
				GCC_WARN_UNDECLARED_SELECTOR = YES;
				GCC_WARN_UNINITIALIZED_AUTOS = YES_AGGRESSIVE;
				GCC_WARN_UNUSED_FUNCTION = YES;
				GCC_WARN_UNUSED_VARIABLE = YES;
				IPHONEOS_DEPLOYMENT_TARGET = 17.2;
				LOCALIZATION_PREFERS_STRING_CATALOGS = YES;
				MTL_ENABLE_DEBUG_INFO = INCLUDE_SOURCE;
				MTL_FAST_MATH = YES;
				ONLY_ACTIVE_ARCH = YES;
				SDKROOT = iphoneos;
				SWIFT_ACTIVE_COMPILATION_CONDITIONS = "DEBUG $(inherited)";
				SWIFT_OPTIMIZATION_LEVEL = "-Onone";
			};
			name = Debug;
		};
		8BEE896B2B73C1A600E037E4 /* Release */ = {
			isa = XCBuildConfiguration;
			buildSettings = {
				ALWAYS_SEARCH_USER_PATHS = NO;
				ASSETCATALOG_COMPILER_GENERATE_SWIFT_ASSET_SYMBOL_EXTENSIONS = YES;
				CLANG_ANALYZER_NONNULL = YES;
				CLANG_ANALYZER_NUMBER_OBJECT_CONVERSION = YES_AGGRESSIVE;
				CLANG_CXX_LANGUAGE_STANDARD = "gnu++20";
				CLANG_ENABLE_MODULES = YES;
				CLANG_ENABLE_OBJC_ARC = YES;
				CLANG_ENABLE_OBJC_WEAK = YES;
				CLANG_WARN_BLOCK_CAPTURE_AUTORELEASING = YES;
				CLANG_WARN_BOOL_CONVERSION = YES;
				CLANG_WARN_COMMA = YES;
				CLANG_WARN_CONSTANT_CONVERSION = YES;
				CLANG_WARN_DEPRECATED_OBJC_IMPLEMENTATIONS = YES;
				CLANG_WARN_DIRECT_OBJC_ISA_USAGE = YES_ERROR;
				CLANG_WARN_DOCUMENTATION_COMMENTS = YES;
				CLANG_WARN_EMPTY_BODY = YES;
				CLANG_WARN_ENUM_CONVERSION = YES;
				CLANG_WARN_INFINITE_RECURSION = YES;
				CLANG_WARN_INT_CONVERSION = YES;
				CLANG_WARN_NON_LITERAL_NULL_CONVERSION = YES;
				CLANG_WARN_OBJC_IMPLICIT_RETAIN_SELF = YES;
				CLANG_WARN_OBJC_LITERAL_CONVERSION = YES;
				CLANG_WARN_OBJC_ROOT_CLASS = YES_ERROR;
				CLANG_WARN_QUOTED_INCLUDE_IN_FRAMEWORK_HEADER = YES;
				CLANG_WARN_RANGE_LOOP_ANALYSIS = YES;
				CLANG_WARN_STRICT_PROTOTYPES = YES;
				CLANG_WARN_SUSPICIOUS_MOVE = YES;
				CLANG_WARN_UNGUARDED_AVAILABILITY = YES_AGGRESSIVE;
				CLANG_WARN_UNREACHABLE_CODE = YES;
				CLANG_WARN__DUPLICATE_METHOD_MATCH = YES;
				COPY_PHASE_STRIP = NO;
				DEBUG_INFORMATION_FORMAT = "dwarf-with-dsym";
				ENABLE_NS_ASSERTIONS = NO;
				ENABLE_STRICT_OBJC_MSGSEND = YES;
				ENABLE_USER_SCRIPT_SANDBOXING = YES;
				GCC_C_LANGUAGE_STANDARD = gnu17;
				GCC_NO_COMMON_BLOCKS = YES;
				GCC_WARN_64_TO_32_BIT_CONVERSION = YES;
				GCC_WARN_ABOUT_RETURN_TYPE = YES_ERROR;
				GCC_WARN_UNDECLARED_SELECTOR = YES;
				GCC_WARN_UNINITIALIZED_AUTOS = YES_AGGRESSIVE;
				GCC_WARN_UNUSED_FUNCTION = YES;
				GCC_WARN_UNUSED_VARIABLE = YES;
				IPHONEOS_DEPLOYMENT_TARGET = 17.2;
				LOCALIZATION_PREFERS_STRING_CATALOGS = YES;
				MTL_ENABLE_DEBUG_INFO = NO;
				MTL_FAST_MATH = YES;
				SDKROOT = iphoneos;
				SWIFT_COMPILATION_MODE = wholemodule;
				VALIDATE_PRODUCT = YES;
			};
			name = Release;
		};
		8BEE896D2B73C1A600E037E4 /* Debug */ = {
			isa = XCBuildConfiguration;
			buildSettings = {
				ASSETCATALOG_COMPILER_APPICON_NAME = AppIcon;
				ASSETCATALOG_COMPILER_GLOBAL_ACCENT_COLOR_NAME = AccentColor;
				CODE_SIGN_STYLE = Automatic;
				CURRENT_PROJECT_VERSION = 1;
				DEVELOPMENT_TEAM = 87N59T8DFY;
				ENABLE_USER_SCRIPT_SANDBOXING = NO;
				GENERATE_INFOPLIST_FILE = YES;
				INFOPLIST_FILE = UIKitDZ/Info.plist;
				INFOPLIST_KEY_UIApplicationSupportsIndirectInputEvents = YES;
				INFOPLIST_KEY_UILaunchStoryboardName = LaunchScreen;
				INFOPLIST_KEY_UISupportedInterfaceOrientations_iPad = "UIInterfaceOrientationPortrait UIInterfaceOrientationPortraitUpsideDown UIInterfaceOrientationLandscapeLeft UIInterfaceOrientationLandscapeRight";
				INFOPLIST_KEY_UISupportedInterfaceOrientations_iPhone = "UIInterfaceOrientationPortrait UIInterfaceOrientationLandscapeLeft UIInterfaceOrientationLandscapeRight";
				IPHONEOS_DEPLOYMENT_TARGET = 15.0;
				LD_RUNPATH_SEARCH_PATHS = (
					"$(inherited)",
					"@executable_path/Frameworks",
				);
				MARKETING_VERSION = 1.0;
				PRODUCT_BUNDLE_IDENTIFIER = com.kostyahwang.inc.UIKitDZ;
				PRODUCT_NAME = "$(TARGET_NAME)";
				SWIFT_EMIT_LOC_STRINGS = YES;
				SWIFT_VERSION = 5.0;
				TARGETED_DEVICE_FAMILY = "1,2";
			};
			name = Debug;
		};
		8BEE896E2B73C1A600E037E4 /* Release */ = {
			isa = XCBuildConfiguration;
			buildSettings = {
				ASSETCATALOG_COMPILER_APPICON_NAME = AppIcon;
				ASSETCATALOG_COMPILER_GLOBAL_ACCENT_COLOR_NAME = AccentColor;
				CODE_SIGN_STYLE = Automatic;
				CURRENT_PROJECT_VERSION = 1;
				DEVELOPMENT_TEAM = 87N59T8DFY;
				ENABLE_USER_SCRIPT_SANDBOXING = NO;
				GENERATE_INFOPLIST_FILE = YES;
				INFOPLIST_FILE = UIKitDZ/Info.plist;
				INFOPLIST_KEY_UIApplicationSupportsIndirectInputEvents = YES;
				INFOPLIST_KEY_UILaunchStoryboardName = LaunchScreen;
				INFOPLIST_KEY_UISupportedInterfaceOrientations_iPad = "UIInterfaceOrientationPortrait UIInterfaceOrientationPortraitUpsideDown UIInterfaceOrientationLandscapeLeft UIInterfaceOrientationLandscapeRight";
				INFOPLIST_KEY_UISupportedInterfaceOrientations_iPhone = "UIInterfaceOrientationPortrait UIInterfaceOrientationLandscapeLeft UIInterfaceOrientationLandscapeRight";
				IPHONEOS_DEPLOYMENT_TARGET = 15.0;
				LD_RUNPATH_SEARCH_PATHS = (
					"$(inherited)",
					"@executable_path/Frameworks",
				);
				MARKETING_VERSION = 1.0;
				PRODUCT_BUNDLE_IDENTIFIER = com.kostyahwang.inc.UIKitDZ;
				PRODUCT_NAME = "$(TARGET_NAME)";
				SWIFT_EMIT_LOC_STRINGS = YES;
				SWIFT_VERSION = 5.0;
				TARGETED_DEVICE_FAMILY = "1,2";
			};
			name = Release;
		};
/* End XCBuildConfiguration section */

/* Begin XCConfigurationList section */
		8BEE89532B73C1A500E037E4 /* Build configuration list for PBXProject "UIKitDZ" */ = {
			isa = XCConfigurationList;
			buildConfigurations = (
				8BEE896A2B73C1A600E037E4 /* Debug */,
				8BEE896B2B73C1A600E037E4 /* Release */,
			);
			defaultConfigurationIsVisible = 0;
			defaultConfigurationName = Release;
		};
		8BEE896C2B73C1A600E037E4 /* Build configuration list for PBXNativeTarget "UIKitDZ" */ = {
			isa = XCConfigurationList;
			buildConfigurations = (
				8BEE896D2B73C1A600E037E4 /* Debug */,
				8BEE896E2B73C1A600E037E4 /* Release */,
			);
			defaultConfigurationIsVisible = 0;
			defaultConfigurationName = Release;
		};
/* End XCConfigurationList section */
	};
	rootObject = 8BEE89502B73C1A500E037E4 /* Project object */;
}
